# This file is automatically @generated by Cargo.
# It is not intended for manual editing.
version = 3

[[package]]
name = "imagesize"
version = "0.10.1"
source = "registry+https://github.com/rust-lang/crates.io-index"
checksum = "df19da1e92fbfec043ca97d622955381b1f3ee72a180ec999912df31b1ccd951"

[[package]]
name = "myrust"
version = "0.1.0"
dependencies = [
 "imagesize",
]
